PODS:
  - AEXML (4.3.3)
  - Alamofire (4.8.1)
  - BlueCatsSDK (2.1.0)
  - Moya (12.0.1):
    - Moya/Core (= 12.0.1)
  - Moya/Core (12.0.1):
    - Alamofire (~> 4.1)
    - Result (~> 4.0)
  - OHHTTPStubs (6.1.0):
    - OHHTTPStubs/Default (= 6.1.0)
  - OHHTTPStubs/Core (6.1.0)
  - OHHTTPStubs/Default (6.1.0):
    - OHHTTPStubs/Core
    - OHHTTPStubs/JSON
    - OHHTTPStubs/NSURLSession
    - OHHTTPStubs/OHPathHelpers
  - OHHTTPStubs/JSON (6.1.0):
    - OHHTTPStubs/Core
  - OHHTTPStubs/NSURLSession (6.1.0):
    - OHHTTPStubs/Core
  - OHHTTPStubs/OHPathHelpers (6.1.0)
  - Result (4.1.0)
  - SVProgressHUD (2.2.5)
  - SwiftGraph (2.0.0)
  - SwiftyJSON (4.2.0)

DEPENDENCIES:
  - AEXML (~> 4.3.3)
  - Alamofire (~> 4.8.1)
  - BlueCatsSDK (from `https://github.com/bluecats/bluecats-ios-sdk.git`)
  - Moya (~> 12.0.1)
  - OHHTTPStubs (~> 6.1.0)
  - SVProgressHUD (~> 2.2.5)
  - SwiftGraph (~> 2.0.0)
  - SwiftyJSON (~> 4.2.0)

SPEC REPOS:
  https://github.com/cocoapods/specs.git:
    - AEXML
    - Alamofire
    - Moya
    - OHHTTPStubs
    - Result
    - SVProgressHUD
    - SwiftGraph
    - SwiftyJSON

EXTERNAL SOURCES:
  BlueCatsSDK:
    :git: https://github.com/bluecats/bluecats-ios-sdk.git

CHECKOUT OPTIONS:
  BlueCatsSDK:
    :commit: dfa20233696bc3218e8ca247b6588601678aec93
    :git: https://github.com/bluecats/bluecats-ios-sdk.git

SPEC CHECKSUMS:
  AEXML: 601f41fcaa7bda7605cad153b0f43db9ec006c0f
  Alamofire: 16ce2c353fb72865124ddae8a57c5942388f4f11
  BlueCatsSDK: 993b2709d0aaaf084403a3b35f6f5c2b3a5c832a
  Moya: cf730b3cd9e005401ef37a85143aa141a12fd38f
  OHHTTPStubs: 1e21c7d2c084b8153fc53d48400d8919d2d432d0
  Result: bd966fac789cc6c1563440b348ab2598cc24d5c7
  SVProgressHUD: 1428aafac632c1f86f62aa4243ec12008d7a51d6
  SwiftGraph: 70f78b282ffd7091add44542e44309ed33482b56
  SwiftyJSON: c4bcba26dd9ec7a027fc8eade48e2c911f229e96

PODFILE CHECKSUM: bd8a6124a07c2a278693cf688a5368c776095a2d

COCOAPODS: 1.5.3
