PODS:
  - AEXML (4.0.2)
  - Alamofire (4.3.0)
  - BlueCatsSDK (2.0.3)
  - Moya (8.0.5):
    - Moya/Core (= 8.0.5)
  - Moya/Core (8.0.5):
    - Alamofire (~> 4.1)
    - Result (~> 3.0)
  - OHHTTPStubs (4.8.0):
    - OHHTTPStubs/Default (= 4.8.0)
  - OHHTTPStubs/Core (4.8.0)
  - OHHTTPStubs/Default (4.8.0):
    - OHHTTPStubs/Core
    - OHHTTPStubs/JSON
    - OHHTTPStubs/NSURLSession
    - OHHTTPStubs/OHPathHelpers
  - OHHTTPStubs/JSON (4.8.0):
    - OHHTTPStubs/Core
  - OHHTTPStubs/NSURLSession (4.8.0):
    - OHHTTPStubs/Core
  - OHHTTPStubs/OHPathHelpers (4.8.0)
  - Result (3.2.4)
  - SVProgressHUD (2.1.2)
  - SwiftGraph (1.2.0)
  - SwiftyJSON (3.1.4)

DEPENDENCIES:
  - AEXML (~> 4.0.2)
  - Alamofire (~> 4.3.0)
  - BlueCatsSDK (from `https://github.com/bluecats/bluecats-ios-sdk.git`)
  - Moya (~> 8.0.1)
  - OHHTTPStubs (~> 4.6)
  - SVProgressHUD (~> 2.1.2)
  - SwiftGraph (~> 1.2.0)
  - SwiftyJSON (~> 3.1.4)

EXTERNAL SOURCES:
  BlueCatsSDK:
    :git: https://github.com/bluecats/bluecats-ios-sdk.git

CHECKOUT OPTIONS:
  BlueCatsSDK:
    :commit: ab9c5520134a6db6176daf4a41152cded939731c
    :git: https://github.com/bluecats/bluecats-ios-sdk.git

SPEC CHECKSUMS:
  AEXML: 7de81f28c6c876a210f31924acc2e326cd01e162
  Alamofire: 856a113053a7bc9cbe5d6367a555d773fc5cfef7
  BlueCatsSDK: b60e25af5dd0d3b46e613a1f1a523088d5c74460
  Moya: c37eec09a098ba9991b5a963b291fc5704bdb9ef
  OHHTTPStubs: b393565822317305b87a1440d4c7aff131679f66
  Result: d2d07204ce72856f1fd9130bbe42c35a7b0fea10
  SVProgressHUD: c404a55d78acbeb7ebb78b76d3faf986475a6994
  SwiftGraph: 887151185d72dd7d5479af3a46273065a573cd40
  SwiftyJSON: c2842d878f95482ffceec5709abc3d05680c0220

PODFILE CHECKSUM: 4d6dadf1997fcab2779c0ff00e0e7af3bdd62509

COCOAPODS: 1.4.0
